
Microsoft Visual Studio Solution File, Format Version 12.00
# Visual Studio Version 17
VisualStudioVersion = 17.3.32901.215
MinimumVisualStudioVersion = 10.0.40219.1
Project("{FAE04EC0-301F-11D3-BF4B-00C04F79EFBC}") = "dolgozat", "dolgozat.csproj", "{234143E2-0C90-4127-A386-4CC970AC2247}"
EndProject
Global
	GlobalSection(SolutionConfigurationPlatforms) = preSolution
		Debug|Any CPU = Debug|Any CPU
		Release|Any CPU = Release|Any CPU
	EndGlobalSection
	GlobalSection(ProjectConfigurationPlatforms) = postSolution
		{234143E2-0C90-4127-A386-4CC970AC2247}.Debug|Any CPU.ActiveCfg = Debug|Any CPU
		{234143E2-0C90-4127-A386-4CC970AC2247}.Debug|Any CPU.Build.0 = Debug|Any CPU
		{234143E2-0C90-4127-A386-4CC970AC2247}.Release|Any CPU.ActiveCfg = Release|Any CPU
		{234143E2-0C90-4127-A386-4CC970AC2247}.Release|Any CPU.Build.0 = Release|Any CPU
	EndGlobalSection
	GlobalSection(SolutionProperties) = preSolution
		HideSolutionNode = FALSE
	EndGlobalSection
	GlobalSection(ExtensibilityGlobals) = postSolution
		SolutionGuid = {09FE0084-D2C7-4D5C-A81B-2CE2EE9D04F5}
	EndGlobalSection
EndGlobal
